// !$*UTF8*$!
{
	archiveVersion = 1;
	classes = {
	};
	objectVersion = 50;
	objects = {

/* Begin PBXBuildFile section */
		FC07E70722FDA655001FF593 /* AppDelegate.swift in Sources */ = {isa = PBXBuildFile; fileRef = FC07E70622FDA654001FF593 /* AppDelegate.swift */; };
		FC07E70C22FDA655001FF593 /* Main.storyboard in Resources */ = {isa = PBXBuildFile; fileRef = FC07E70A22FDA655001FF593 /* Main.storyboard */; };
		FC07E71122FDA659001FF593 /* LaunchScreen.storyboard in Resources */ = {isa = PBXBuildFile; fileRef = FC07E70F22FDA659001FF593 /* LaunchScreen.storyboard */; };
		FC07E71C22FDA65A001FF593 /* Hostelworld_TestTests.swift in Sources */ = {isa = PBXBuildFile; fileRef = FC07E71B22FDA65A001FF593 /* Hostelworld_TestTests.swift */; };
		FC07E72722FDA65A001FF593 /* Hostelworld_TestUITests.swift in Sources */ = {isa = PBXBuildFile; fileRef = FC07E72622FDA65A001FF593 /* Hostelworld_TestUITests.swift */; };
		FC07E73F22FDA828001FF593 /* BaseCollectionViewController.swift in Sources */ = {isa = PBXBuildFile; fileRef = FC07E73622FDA828001FF593 /* BaseCollectionViewController.swift */; };
		FC07E74122FDA828001FF593 /* VirticalStackView.swift in Sources */ = {isa = PBXBuildFile; fileRef = FC07E73822FDA828001FF593 /* VirticalStackView.swift */; };
		FC07E74222FDA828001FF593 /* BaseCollectionViewCell.swift in Sources */ = {isa = PBXBuildFile; fileRef = FC07E73922FDA828001FF593 /* BaseCollectionViewCell.swift */; };
		FC07E74322FDA828001FF593 /* CustomColors.swift in Sources */ = {isa = PBXBuildFile; fileRef = FC07E73A22FDA828001FF593 /* CustomColors.swift */; };
		FC07E74422FDA828001FF593 /* Extensions.swift in Sources */ = {isa = PBXBuildFile; fileRef = FC07E73B22FDA828001FF593 /* Extensions.swift */; };
		FC07E74522FDA828001FF593 /* CellsKeys.swift in Sources */ = {isa = PBXBuildFile; fileRef = FC07E73C22FDA828001FF593 /* CellsKeys.swift */; };
		FC07E74722FDA828001FF593 /* Data+Format.swift in Sources */ = {isa = PBXBuildFile; fileRef = FC07E73E22FDA828001FF593 /* Data+Format.swift */; };
		FC07E74922FDA97F001FF593 /* MainCollectionViewController.swift in Sources */ = {isa = PBXBuildFile; fileRef = FC07E74822FDA97F001FF593 /* MainCollectionViewController.swift */; };
		FC07E74D22FDABF3001FF593 /* PropertyCollectionViewCell.swift in Sources */ = {isa = PBXBuildFile; fileRef = FC07E74C22FDABF3001FF593 /* PropertyCollectionViewCell.swift */; };
		FC840D07230170E100FDD7FF /* Assets.xcassets in Resources */ = {isa = PBXBuildFile; fileRef = FC840D06230170E100FDD7FF /* Assets.xcassets */; };
		FC840D0A2301798B00FDD7FF /* RatingCollectionViewCell.swift in Sources */ = {isa = PBXBuildFile; fileRef = FC840D092301798B00FDD7FF /* RatingCollectionViewCell.swift */; };
		FC840D0D230186CC00FDD7FF /* MapCollectionViewCell.swift in Sources */ = {isa = PBXBuildFile; fileRef = FC840D0C230186CC00FDD7FF /* MapCollectionViewCell.swift */; };
		FC840D102301910E00FDD7FF /* DescriptionCollectionViewCell.swift in Sources */ = {isa = PBXBuildFile; fileRef = FC840D0F2301910E00FDD7FF /* DescriptionCollectionViewCell.swift */; };
		FC840D1323019D8D00FDD7FF /* TaypeAndPaymentCollectionViewCell.swift in Sources */ = {isa = PBXBuildFile; fileRef = FC840D1223019D8D00FDD7FF /* TaypeAndPaymentCollectionViewCell.swift */; };
		FC840D162301A23400FDD7FF /* CardPaymentCollectionViewController.swift in Sources */ = {isa = PBXBuildFile; fileRef = FC840D152301A23400FDD7FF /* CardPaymentCollectionViewController.swift */; };
		FC840D192301A41D00FDD7FF /* CardPaymentCollectionViewCell.swift in Sources */ = {isa = PBXBuildFile; fileRef = FC840D182301A41D00FDD7FF /* CardPaymentCollectionViewCell.swift */; };
		FC840D1C2301AD7200FDD7FF /* PolisiesCollectionViewCell.swift in Sources */ = {isa = PBXBuildFile; fileRef = FC840D1B2301AD7200FDD7FF /* PolisiesCollectionViewCell.swift */; };
		FC840D1F2301B87C00FDD7FF /* MapViewController.swift in Sources */ = {isa = PBXBuildFile; fileRef = FC840D1E2301B87C00FDD7FF /* MapViewController.swift */; };
		FC9AF9BF22FF249F00850F31 /* AddressAndRatingCollectionViewCell.swift in Sources */ = {isa = PBXBuildFile; fileRef = FC9AF9BE22FF249F00850F31 /* AddressAndRatingCollectionViewCell.swift */; };
		FCA1B36B22FE07AA008AF010 /* PropertyDetailCollectionViewController.swift in Sources */ = {isa = PBXBuildFile; fileRef = FCA1B36A22FE07AA008AF010 /* PropertyDetailCollectionViewController.swift */; };
		FCA1B36E22FE0BB6008AF010 /* HeaderCollectionReusableView.swift in Sources */ = {isa = PBXBuildFile; fileRef = FCA1B36D22FE0BB6008AF010 /* HeaderCollectionReusableView.swift */; };
		FCA1B37122FE1224008AF010 /* HeaderCollectionViewController.swift in Sources */ = {isa = PBXBuildFile; fileRef = FCA1B37022FE1224008AF010 /* HeaderCollectionViewController.swift */; };
		FCA1B37422FE19C6008AF010 /* PropertyImageCollectionViewCell.swift in Sources */ = {isa = PBXBuildFile; fileRef = FCA1B37322FE19C6008AF010 /* PropertyImageCollectionViewCell.swift */; };
		FCA1B37622FE2249008AF010 /* SnapLayout.swift in Sources */ = {isa = PBXBuildFile; fileRef = FCA1B37522FE2249008AF010 /* SnapLayout.swift */; };
		FCA1B37822FE2570008AF010 /* Hostel.swift in Sources */ = {isa = PBXBuildFile; fileRef = FCA1B37722FE2570008AF010 /* Hostel.swift */; };
		FCBB49A922FDCA6A00F4E02F /* HostelWorldAPI.swift in Sources */ = {isa = PBXBuildFile; fileRef = FCBB49A822FDCA6A00F4E02F /* HostelWorldAPI.swift */; };
		FCBB49AC22FDCB1500F4E02F /* AllProperties.swift in Sources */ = {isa = PBXBuildFile; fileRef = FCBB49AB22FDCB1500F4E02F /* AllProperties.swift */; };
/* End PBXBuildFile section */

/* Begin PBXContainerItemProxy section */
		FC07E71822FDA65A001FF593 /* PBXContainerItemProxy */ = {
			isa = PBXContainerItemProxy;
			containerPortal = FC07E6FB22FDA654001FF593 /* Project object */;
			proxyType = 1;
			remoteGlobalIDString = FC07E70222FDA654001FF593;
			remoteInfo = Hostelworld_Test;
		};
		FC07E72322FDA65A001FF593 /* PBXContainerItemProxy */ = {
			isa = PBXContainerItemProxy;
			containerPortal = FC07E6FB22FDA654001FF593 /* Project object */;
			proxyType = 1;
			remoteGlobalIDString = FC07E70222FDA654001FF593;
			remoteInfo = Hostelworld_Test;
		};
/* End PBXContainerItemProxy section */

/* Begin PBXFileReference section */
		FC07E70322FDA654001FF593 /* Hostelworld_Test.app */ = {isa = PBXFileReference; explicitFileType = wrapper.application; includeInIndex = 0; path = Hostelworld_Test.app; sourceTree = BUILT_PRODUCTS_DIR; };
		FC07E70622FDA654001FF593 /* AppDelegate.swift */ = {isa = PBXFileReference; lastKnownFileType = sourcecode.swift; path = AppDelegate.swift; sourceTree = "<group>"; };
		FC07E70B22FDA655001FF593 /* Base */ = {isa = PBXFileReference; lastKnownFileType = file.storyboard; name = Base; path = Base.lproj/Main.storyboard; sourceTree = "<group>"; };
		FC07E71022FDA659001FF593 /* Base */ = {isa = PBXFileReference; lastKnownFileType = file.storyboard; name = Base; path = Base.lproj/LaunchScreen.storyboard; sourceTree = "<group>"; };
		FC07E71222FDA659001FF593 /* Info.plist */ = {isa = PBXFileReference; lastKnownFileType = text.plist.xml; path = Info.plist; sourceTree = "<group>"; };
		FC07E71722FDA65A001FF593 /* Hostelworld_TestTests.xctest */ = {isa = PBXFileReference; explicitFileType = wrapper.cfbundle; includeInIndex = 0; path = Hostelworld_TestTests.xctest; sourceTree = BUILT_PRODUCTS_DIR; };
		FC07E71B22FDA65A001FF593 /* Hostelworld_TestTests.swift */ = {isa = PBXFileReference; lastKnownFileType = sourcecode.swift; path = Hostelworld_TestTests.swift; sourceTree = "<group>"; };
		FC07E71D22FDA65A001FF593 /* Info.plist */ = {isa = PBXFileReference; lastKnownFileType = text.plist.xml; path = Info.plist; sourceTree = "<group>"; };
		FC07E72222FDA65A001FF593 /* Hostelworld_TestUITests.xctest */ = {isa = PBXFileReference; explicitFileType = wrapper.cfbundle; includeInIndex = 0; path = Hostelworld_TestUITests.xctest; sourceTree = BUILT_PRODUCTS_DIR; };
		FC07E72622FDA65A001FF593 /* Hostelworld_TestUITests.swift */ = {isa = PBXFileReference; lastKnownFileType = sourcecode.swift; path = Hostelworld_TestUITests.swift; sourceTree = "<group>"; };
		FC07E72822FDA65A001FF593 /* Info.plist */ = {isa = PBXFileReference; lastKnownFileType = text.plist.xml; path = Info.plist; sourceTree = "<group>"; };
		FC07E73622FDA828001FF593 /* BaseCollectionViewController.swift */ = {isa = PBXFileReference; fileEncoding = 4; lastKnownFileType = sourcecode.swift; path = BaseCollectionViewController.swift; sourceTree = "<group>"; };
		FC07E73822FDA828001FF593 /* VirticalStackView.swift */ = {isa = PBXFileReference; fileEncoding = 4; lastKnownFileType = sourcecode.swift; path = VirticalStackView.swift; sourceTree = "<group>"; };
		FC07E73922FDA828001FF593 /* BaseCollectionViewCell.swift */ = {isa = PBXFileReference; fileEncoding = 4; lastKnownFileType = sourcecode.swift; path = BaseCollectionViewCell.swift; sourceTree = "<group>"; };
		FC07E73A22FDA828001FF593 /* CustomColors.swift */ = {isa = PBXFileReference; fileEncoding = 4; lastKnownFileType = sourcecode.swift; path = CustomColors.swift; sourceTree = "<group>"; };
		FC07E73B22FDA828001FF593 /* Extensions.swift */ = {isa = PBXFileReference; fileEncoding = 4; lastKnownFileType = sourcecode.swift; path = Extensions.swift; sourceTree = "<group>"; };
		FC07E73C22FDA828001FF593 /* CellsKeys.swift */ = {isa = PBXFileReference; fileEncoding = 4; lastKnownFileType = sourcecode.swift; path = CellsKeys.swift; sourceTree = "<group>"; };
		FC07E73E22FDA828001FF593 /* Data+Format.swift */ = {isa = PBXFileReference; fileEncoding = 4; lastKnownFileType = sourcecode.swift; path = "Data+Format.swift"; sourceTree = "<group>"; };
		FC07E74822FDA97F001FF593 /* MainCollectionViewController.swift */ = {isa = PBXFileReference; lastKnownFileType = sourcecode.swift; path = MainCollectionViewController.swift; sourceTree = "<group>"; };
		FC07E74C22FDABF3001FF593 /* PropertyCollectionViewCell.swift */ = {isa = PBXFileReference; lastKnownFileType = sourcecode.swift; path = PropertyCollectionViewCell.swift; sourceTree = "<group>"; };
		FC840D06230170E100FDD7FF /* Assets.xcassets */ = {isa = PBXFileReference; lastKnownFileType = folder.assetcatalog; path = Assets.xcassets; sourceTree = "<group>"; };
		FC840D092301798B00FDD7FF /* RatingCollectionViewCell.swift */ = {isa = PBXFileReference; lastKnownFileType = sourcecode.swift; path = RatingCollectionViewCell.swift; sourceTree = "<group>"; };
		FC840D0C230186CC00FDD7FF /* MapCollectionViewCell.swift */ = {isa = PBXFileReference; lastKnownFileType = sourcecode.swift; path = MapCollectionViewCell.swift; sourceTree = "<group>"; };
		FC840D0F2301910E00FDD7FF /* DescriptionCollectionViewCell.swift */ = {isa = PBXFileReference; lastKnownFileType = sourcecode.swift; path = DescriptionCollectionViewCell.swift; sourceTree = "<group>"; };
		FC840D1223019D8D00FDD7FF /* TaypeAndPaymentCollectionViewCell.swift */ = {isa = PBXFileReference; lastKnownFileType = sourcecode.swift; path = TaypeAndPaymentCollectionViewCell.swift; sourceTree = "<group>"; };
		FC840D152301A23400FDD7FF /* CardPaymentCollectionViewController.swift */ = {isa = PBXFileReference; lastKnownFileType = sourcecode.swift; path = CardPaymentCollectionViewController.swift; sourceTree = "<group>"; };
		FC840D182301A41D00FDD7FF /* CardPaymentCollectionViewCell.swift */ = {isa = PBXFileReference; lastKnownFileType = sourcecode.swift; path = CardPaymentCollectionViewCell.swift; sourceTree = "<group>"; };
		FC840D1B2301AD7200FDD7FF /* PolisiesCollectionViewCell.swift */ = {isa = PBXFileReference; lastKnownFileType = sourcecode.swift; path = PolisiesCollectionViewCell.swift; sourceTree = "<group>"; };
		FC840D1E2301B87C00FDD7FF /* MapViewController.swift */ = {isa = PBXFileReference; lastKnownFileType = sourcecode.swift; path = MapViewController.swift; sourceTree = "<group>"; };
		FC9AF9BE22FF249F00850F31 /* AddressAndRatingCollectionViewCell.swift */ = {isa = PBXFileReference; lastKnownFileType = sourcecode.swift; path = AddressAndRatingCollectionViewCell.swift; sourceTree = "<group>"; };
		FCA1B36A22FE07AA008AF010 /* PropertyDetailCollectionViewController.swift */ = {isa = PBXFileReference; lastKnownFileType = sourcecode.swift; path = PropertyDetailCollectionViewController.swift; sourceTree = "<group>"; };
		FCA1B36D22FE0BB6008AF010 /* HeaderCollectionReusableView.swift */ = {isa = PBXFileReference; lastKnownFileType = sourcecode.swift; path = HeaderCollectionReusableView.swift; sourceTree = "<group>"; };
		FCA1B37022FE1224008AF010 /* HeaderCollectionViewController.swift */ = {isa = PBXFileReference; lastKnownFileType = sourcecode.swift; path = HeaderCollectionViewController.swift; sourceTree = "<group>"; };
		FCA1B37322FE19C6008AF010 /* PropertyImageCollectionViewCell.swift */ = {isa = PBXFileReference; lastKnownFileType = sourcecode.swift; path = PropertyImageCollectionViewCell.swift; sourceTree = "<group>"; };
		FCA1B37522FE2249008AF010 /* SnapLayout.swift */ = {isa = PBXFileReference; lastKnownFileType = sourcecode.swift; path = SnapLayout.swift; sourceTree = "<group>"; };
		FCA1B37722FE2570008AF010 /* Hostel.swift */ = {isa = PBXFileReference; lastKnownFileType = sourcecode.swift; path = Hostel.swift; sourceTree = "<group>"; };
		FCBB49A822FDCA6A00F4E02F /* HostelWorldAPI.swift */ = {isa = PBXFileReference; lastKnownFileType = sourcecode.swift; path = HostelWorldAPI.swift; sourceTree = "<group>"; };
		FCBB49AB22FDCB1500F4E02F /* AllProperties.swift */ = {isa = PBXFileReference; lastKnownFileType = sourcecode.swift; path = AllProperties.swift; sourceTree = "<group>"; };
/* End PBXFileReference section */

/* Begin PBXFrameworksBuildPhase section */
		FC07E70022FDA654001FF593 /* Frameworks */ = {
			isa = PBXFrameworksBuildPhase;
			buildActionMask = 2147483647;
			files = (
			);
			runOnlyForDeploymentPostprocessing = 0;
		};
		FC07E71422FDA65A001FF593 /* Frameworks */ = {
			isa = PBXFrameworksBuildPhase;
			buildActionMask = 2147483647;
			files = (
			);
			runOnlyForDeploymentPostprocessing = 0;
		};
		FC07E71F22FDA65A001FF593 /* Frameworks */ = {
			isa = PBXFrameworksBuildPhase;
			buildActionMask = 2147483647;
			files = (
			);
			runOnlyForDeploymentPostprocessing = 0;
		};
/* End PBXFrameworksBuildPhase section */

/* Begin PBXGroup section */
		FC07E6FA22FDA654001FF593 = {
			isa = PBXGroup;
			children = (
				FC07E70522FDA654001FF593 /* Hostelworld_Test */,
				FC840D06230170E100FDD7FF /* Assets.xcassets */,
				FC07E71A22FDA65A001FF593 /* Hostelworld_TestTests */,
				FC07E72522FDA65A001FF593 /* Hostelworld_TestUITests */,
				FC07E70422FDA654001FF593 /* Products */,
			);
			sourceTree = "<group>";
		};
		FC07E70422FDA654001FF593 /* Products */ = {
			isa = PBXGroup;
			children = (
				FC07E70322FDA654001FF593 /* Hostelworld_Test.app */,
				FC07E71722FDA65A001FF593 /* Hostelworld_TestTests.xctest */,
				FC07E72222FDA65A001FF593 /* Hostelworld_TestUITests.xctest */,
			);
			name = Products;
			sourceTree = "<group>";
		};
		FC07E70522FDA654001FF593 /* Hostelworld_Test */ = {
			isa = PBXGroup;
			children = (
				FC07E70622FDA654001FF593 /* AppDelegate.swift */,
				FC07E73522FDA828001FF593 /* Helpers */,
				FCBB49A722FDCA1300F4E02F /* Service */,
				FCBB49AA22FDCA8D00F4E02F /* Model */,
				FC07E74A22FDAA79001FF593 /* Views */,
				FC07E73422FDA7EF001FF593 /* Controllers */,
				FC07E70A22FDA655001FF593 /* Main.storyboard */,
				FC07E70F22FDA659001FF593 /* LaunchScreen.storyboard */,
				FC07E71222FDA659001FF593 /* Info.plist */,
			);
			path = Hostelworld_Test;
			sourceTree = "<group>";
		};
		FC07E71A22FDA65A001FF593 /* Hostelworld_TestTests */ = {
			isa = PBXGroup;
			children = (
				FC07E71B22FDA65A001FF593 /* Hostelworld_TestTests.swift */,
				FC07E71D22FDA65A001FF593 /* Info.plist */,
			);
			path = Hostelworld_TestTests;
			sourceTree = "<group>";
		};
		FC07E72522FDA65A001FF593 /* Hostelworld_TestUITests */ = {
			isa = PBXGroup;
			children = (
				FC07E72622FDA65A001FF593 /* Hostelworld_TestUITests.swift */,
				FC07E72822FDA65A001FF593 /* Info.plist */,
			);
			path = Hostelworld_TestUITests;
			sourceTree = "<group>";
		};
		FC07E73422FDA7EF001FF593 /* Controllers */ = {
			isa = PBXGroup;
			children = (
				FC840D1D2301B86100FDD7FF /* Map View Controller */,
				FC840D142301A15600FDD7FF /* Card Payment  */,
				FCA1B36F22FE11F8008AF010 /* Header Controller */,
				FC07E74822FDA97F001FF593 /* MainCollectionViewController.swift */,
				FCA1B36A22FE07AA008AF010 /* PropertyDetailCollectionViewController.swift */,
			);
			path = Controllers;
			sourceTree = "<group>";
		};
		FC07E73522FDA828001FF593 /* Helpers */ = {
			isa = PBXGroup;
			children = (
				FC07E73622FDA828001FF593 /* BaseCollectionViewController.swift */,
				FC07E73822FDA828001FF593 /* VirticalStackView.swift */,
				FC07E73922FDA828001FF593 /* BaseCollectionViewCell.swift */,
				FC07E73A22FDA828001FF593 /* CustomColors.swift */,
				FC07E73B22FDA828001FF593 /* Extensions.swift */,
				FC07E73C22FDA828001FF593 /* CellsKeys.swift */,
				FC07E73E22FDA828001FF593 /* Data+Format.swift */,
			);
			path = Helpers;
			sourceTree = "<group>";
		};
		FC07E74A22FDAA79001FF593 /* Views */ = {
			isa = PBXGroup;
			children = (
				FC840D1A2301AD6200FDD7FF /* Polisies Cell */,
				FC840D172301A3F300FDD7FF /* Card Payment Cell */,
				FC840D1123019D4600FDD7FF /* Type and payment Cell */,
				FC840D0E230190F200FDD7FF /* Info Cell */,
				FC840D0B230186BC00FDD7FF /* Map Cell */,
				FC840D082301796200FDD7FF /* Rating Cell */,
				FC9AF9BD22FF246700850F31 /* Address Cell */,
				FCA1B36C22FE0BA1008AF010 /* Header Cell */,
				FC07E74B22FDABC4001FF593 /* Property Cell */,
			);
			path = Views;
			sourceTree = "<group>";
		};
		FC07E74B22FDABC4001FF593 /* Property Cell */ = {
			isa = PBXGroup;
			children = (
				FC07E74C22FDABF3001FF593 /* PropertyCollectionViewCell.swift */,
			);
			path = "Property Cell";
			sourceTree = "<group>";
		};
		FC840D082301796200FDD7FF /* Rating Cell */ = {
			isa = PBXGroup;
			children = (
				FC840D092301798B00FDD7FF /* RatingCollectionViewCell.swift */,
			);
			path = "Rating Cell";
			sourceTree = "<group>";
		};
		FC840D0B230186BC00FDD7FF /* Map Cell */ = {
			isa = PBXGroup;
			children = (
				FC840D0C230186CC00FDD7FF /* MapCollectionViewCell.swift */,
			);
			path = "Map Cell";
			sourceTree = "<group>";
		};
		FC840D0E230190F200FDD7FF /* Info Cell */ = {
			isa = PBXGroup;
			children = (
				FC840D0F2301910E00FDD7FF /* DescriptionCollectionViewCell.swift */,
			);
			path = "Info Cell";
			sourceTree = "<group>";
		};
		FC840D1123019D4600FDD7FF /* Type and payment Cell */ = {
			isa = PBXGroup;
			children = (
				FC840D1223019D8D00FDD7FF /* TaypeAndPaymentCollectionViewCell.swift */,
			);
			path = "Type and payment Cell";
			sourceTree = "<group>";
		};
		FC840D142301A15600FDD7FF /* Card Payment  */ = {
			isa = PBXGroup;
			children = (
				FC840D152301A23400FDD7FF /* CardPaymentCollectionViewController.swift */,
			);
			path = "Card Payment ";
			sourceTree = "<group>";
		};
		FC840D172301A3F300FDD7FF /* Card Payment Cell */ = {
			isa = PBXGroup;
			children = (
				FC840D182301A41D00FDD7FF /* CardPaymentCollectionViewCell.swift */,
			);
			path = "Card Payment Cell";
			sourceTree = "<group>";
		};
		FC840D1A2301AD6200FDD7FF /* Polisies Cell */ = {
			isa = PBXGroup;
			children = (
				FC840D1B2301AD7200FDD7FF /* PolisiesCollectionViewCell.swift */,
			);
			path = "Polisies Cell";
			sourceTree = "<group>";
		};
		FC840D1D2301B86100FDD7FF /* Map View Controller */ = {
			isa = PBXGroup;
			children = (
				FC840D1E2301B87C00FDD7FF /* MapViewController.swift */,
			);
			path = "Map View Controller";
			sourceTree = "<group>";
		};
		FC9AF9BD22FF246700850F31 /* Address Cell */ = {
			isa = PBXGroup;
			children = (
				FC9AF9BE22FF249F00850F31 /* AddressAndRatingCollectionViewCell.swift */,
			);
			path = "Address Cell";
			sourceTree = "<group>";
		};
		FCA1B36C22FE0BA1008AF010 /* Header Cell */ = {
			isa = PBXGroup;
			children = (
				FCA1B37222FE199E008AF010 /* Image Cell */,
				FCA1B36D22FE0BB6008AF010 /* HeaderCollectionReusableView.swift */,
				FCA1B37522FE2249008AF010 /* SnapLayout.swift */,
			);
			path = "Header Cell";
			sourceTree = "<group>";
		};
		FCA1B36F22FE11F8008AF010 /* Header Controller */ = {
			isa = PBXGroup;
			children = (
				FCA1B37022FE1224008AF010 /* HeaderCollectionViewController.swift */,
			);
			path = "Header Controller";
			sourceTree = "<group>";
		};
		FCA1B37222FE199E008AF010 /* Image Cell */ = {
			isa = PBXGroup;
			children = (
				FCA1B37322FE19C6008AF010 /* PropertyImageCollectionViewCell.swift */,
			);
			path = "Image Cell";
			sourceTree = "<group>";
		};
		FCBB49A722FDCA1300F4E02F /* Service */ = {
			isa = PBXGroup;
			children = (
				FCBB49A822FDCA6A00F4E02F /* HostelWorldAPI.swift */,
			);
			path = Service;
			sourceTree = "<group>";
		};
		FCBB49AA22FDCA8D00F4E02F /* Model */ = {
			isa = PBXGroup;
			children = (
				FCBB49AB22FDCB1500F4E02F /* AllProperties.swift */,
				FCA1B37722FE2570008AF010 /* Hostel.swift */,
			);
			path = Model;
			sourceTree = "<group>";
		};
/* End PBXGroup section */

/* Begin PBXNativeTarget section */
		FC07E70222FDA654001FF593 /* Hostelworld_Test */ = {
			isa = PBXNativeTarget;
			buildConfigurationList = FC07E72B22FDA65A001FF593 /* Build configuration list for PBXNativeTarget "Hostelworld_Test" */;
			buildPhases = (
				FC07E6FF22FDA654001FF593 /* Sources */,
				FC07E70022FDA654001FF593 /* Frameworks */,
				FC07E70122FDA654001FF593 /* Resources */,
			);
			buildRules = (
			);
			dependencies = (
			);
			name = Hostelworld_Test;
			productName = Hostelworld_Test;
			productReference = FC07E70322FDA654001FF593 /* Hostelworld_Test.app */;
			productType = "com.apple.product-type.application";
		};
		FC07E71622FDA65A001FF593 /* Hostelworld_TestTests */ = {
			isa = PBXNativeTarget;
			buildConfigurationList = FC07E72E22FDA65A001FF593 /* Build configuration list for PBXNativeTarget "Hostelworld_TestTests" */;
			buildPhases = (
				FC07E71322FDA65A001FF593 /* Sources */,
				FC07E71422FDA65A001FF593 /* Frameworks */,
				FC07E71522FDA65A001FF593 /* Resources */,
			);
			buildRules = (
			);
			dependencies = (
				FC07E71922FDA65A001FF593 /* PBXTargetDependency */,
			);
			name = Hostelworld_TestTests;
			productName = Hostelworld_TestTests;
			productReference = FC07E71722FDA65A001FF593 /* Hostelworld_TestTests.xctest */;
			productType = "com.apple.product-type.bundle.unit-test";
		};
		FC07E72122FDA65A001FF593 /* Hostelworld_TestUITests */ = {
			isa = PBXNativeTarget;
			buildConfigurationList = FC07E73122FDA65A001FF593 /* Build configuration list for PBXNativeTarget "Hostelworld_TestUITests" */;
			buildPhases = (
				FC07E71E22FDA65A001FF593 /* Sources */,
				FC07E71F22FDA65A001FF593 /* Frameworks */,
				FC07E72022FDA65A001FF593 /* Resources */,
			);
			buildRules = (
			);
			dependencies = (
				FC07E72422FDA65A001FF593 /* PBXTargetDependency */,
			);
			name = Hostelworld_TestUITests;
			productName = Hostelworld_TestUITests;
			productReference = FC07E72222FDA65A001FF593 /* Hostelworld_TestUITests.xctest */;
			productType = "com.apple.product-type.bundle.ui-testing";
		};
/* End PBXNativeTarget section */

/* Begin PBXProject section */
		FC07E6FB22FDA654001FF593 /* Project object */ = {
			isa = PBXProject;
			attributes = {
				LastSwiftUpdateCheck = 1020;
				LastUpgradeCheck = 1020;
				ORGANIZATIONNAME = "Mohsen Qaysi";
				TargetAttributes = {
					FC07E70222FDA654001FF593 = {
						CreatedOnToolsVersion = 10.2.1;
					};
					FC07E71622FDA65A001FF593 = {
						CreatedOnToolsVersion = 10.2.1;
						TestTargetID = FC07E70222FDA654001FF593;
					};
					FC07E72122FDA65A001FF593 = {
						CreatedOnToolsVersion = 10.2.1;
						TestTargetID = FC07E70222FDA654001FF593;
					};
				};
			};
			buildConfigurationList = FC07E6FE22FDA654001FF593 /* Build configuration list for PBXProject "Hostelworld_Test" */;
			compatibilityVersion = "Xcode 9.3";
			developmentRegion = en;
			hasScannedForEncodings = 0;
			knownRegions = (
				en,
				Base,
			);
			mainGroup = FC07E6FA22FDA654001FF593;
			productRefGroup = FC07E70422FDA654001FF593 /* Products */;
			projectDirPath = "";
			projectRoot = "";
			targets = (
				FC07E70222FDA654001FF593 /* Hostelworld_Test */,
				FC07E71622FDA65A001FF593 /* Hostelworld_TestTests */,
				FC07E72122FDA65A001FF593 /* Hostelworld_TestUITests */,
			);
		};
/* End PBXProject section */

/* Begin PBXResourcesBuildPhase section */
		FC07E70122FDA654001FF593 /* Resources */ = {
			isa = PBXResourcesBuildPhase;
			buildActionMask = 2147483647;
			files = (
				FC07E71122FDA659001FF593 /* LaunchScreen.storyboard in Resources */,
				FC840D07230170E100FDD7FF /* Assets.xcassets in Resources */,
				FC07E70C22FDA655001FF593 /* Main.storyboard in Resources */,
			);
			runOnlyForDeploymentPostprocessing = 0;
		};
		FC07E71522FDA65A001FF593 /* Resources */ = {
			isa = PBXResourcesBuildPhase;
			buildActionMask = 2147483647;
			files = (
			);
			runOnlyForDeploymentPostprocessing = 0;
		};
		FC07E72022FDA65A001FF593 /* Resources */ = {
			isa = PBXResourcesBuildPhase;
			buildActionMask = 2147483647;
			files = (
			);
			runOnlyForDeploymentPostprocessing = 0;
		};
/* End PBXResourcesBuildPhase section */

/* Begin PBXSourcesBuildPhase section */
		FC07E6FF22FDA654001FF593 /* Sources */ = {
			isa = PBXSourcesBuildPhase;
			buildActionMask = 2147483647;
			files = (
				FC840D0D230186CC00FDD7FF /* MapCollectionViewCell.swift in Sources */,
				FCA1B37822FE2570008AF010 /* Hostel.swift in Sources */,
				FCA1B36E22FE0BB6008AF010 /* HeaderCollectionReusableView.swift in Sources */,
				FCBB49AC22FDCB1500F4E02F /* AllProperties.swift in Sources */,
				FC07E73F22FDA828001FF593 /* BaseCollectionViewController.swift in Sources */,
				FC07E74322FDA828001FF593 /* CustomColors.swift in Sources */,
				FC840D1323019D8D00FDD7FF /* TaypeAndPaymentCollectionViewCell.swift in Sources */,
				FC840D162301A23400FDD7FF /* CardPaymentCollectionViewController.swift in Sources */,
				FC07E74422FDA828001FF593 /* Extensions.swift in Sources */,
				FC07E74522FDA828001FF593 /* CellsKeys.swift in Sources */,
				FC07E74922FDA97F001FF593 /* MainCollectionViewController.swift in Sources */,
				FCA1B36B22FE07AA008AF010 /* PropertyDetailCollectionViewController.swift in Sources */,
				FCA1B37622FE2249008AF010 /* SnapLayout.swift in Sources */,
				FCA1B37122FE1224008AF010 /* HeaderCollectionViewController.swift in Sources */,
				FC07E74122FDA828001FF593 /* VirticalStackView.swift in Sources */,
				FCBB49A922FDCA6A00F4E02F /* HostelWorldAPI.swift in Sources */,
				FC840D0A2301798B00FDD7FF /* RatingCollectionViewCell.swift in Sources */,
				FC840D192301A41D00FDD7FF /* CardPaymentCollectionViewCell.swift in Sources */,
				FC840D1C2301AD7200FDD7FF /* PolisiesCollectionViewCell.swift in Sources */,
				FC07E74D22FDABF3001FF593 /* PropertyCollectionViewCell.swift in Sources */,
				FC07E74722FDA828001FF593 /* Data+Format.swift in Sources */,
				FC07E70722FDA655001FF593 /* AppDelegate.swift in Sources */,
				FC840D1F2301B87C00FDD7FF /* MapViewController.swift in Sources */,
				FC07E74222FDA828001FF593 /* BaseCollectionViewCell.swift in Sources */,
				FC9AF9BF22FF249F00850F31 /* AddressAndRatingCollectionViewCell.swift in Sources */,
				FC840D102301910E00FDD7FF /* DescriptionCollectionViewCell.swift in Sources */,
				FCA1B37422FE19C6008AF010 /* PropertyImageCollectionViewCell.swift in Sources */,
			);
			runOnlyForDeploymentPostprocessing = 0;
		};
		FC07E71322FDA65A001FF593 /* Sources */ = {
			isa = PBXSourcesBuildPhase;
			buildActionMask = 2147483647;
			files = (
				FC07E71C22FDA65A001FF593 /* Hostelworld_TestTests.swift in Sources */,
			);
			runOnlyForDeploymentPostprocessing = 0;
		};
		FC07E71E22FDA65A001FF593 /* Sources */ = {
			isa = PBXSourcesBuildPhase;
			buildActionMask = 2147483647;
			files = (
				FC07E72722FDA65A001FF593 /* Hostelworld_TestUITests.swift in Sources */,
			);
			runOnlyForDeploymentPostprocessing = 0;
		};
/* End PBXSourcesBuildPhase section */

/* Begin PBXTargetDependency section */
		FC07E71922FDA65A001FF593 /* PBXTargetDependency */ = {
			isa = PBXTargetDependency;
			target = FC07E70222FDA654001FF593 /* Hostelworld_Test */;
			targetProxy = FC07E71822FDA65A001FF593 /* PBXContainerItemProxy */;
		};
		FC07E72422FDA65A001FF593 /* PBXTargetDependency */ = {
			isa = PBXTargetDependency;
			target = FC07E70222FDA654001FF593 /* Hostelworld_Test */;
			targetProxy = FC07E72322FDA65A001FF593 /* PBXContainerItemProxy */;
		};
/* End PBXTargetDependency section */

/* Begin PBXVariantGroup section */
		FC07E70A22FDA655001FF593 /* Main.storyboard */ = {
			isa = PBXVariantGroup;
			children = (
				FC07E70B22FDA655001FF593 /* Base */,
			);
			name = Main.storyboard;
			sourceTree = "<group>";
		};
		FC07E70F22FDA659001FF593 /* LaunchScreen.storyboard */ = {
			isa = PBXVariantGroup;
			children = (
				FC07E71022FDA659001FF593 /* Base */,
			);
			name = LaunchScreen.storyboard;
			sourceTree = "<group>";
		};
/* End PBXVariantGroup section */

/* Begin XCBuildConfiguration section */
		FC07E72922FDA65A001FF593 /* Debug */ = {
			isa = XCBuildConfiguration;
			buildSettings = {
				ALWAYS_SEARCH_USER_PATHS = NO;
				CLANG_ANALYZER_NONNULL = YES;
				CLANG_ANALYZER_NUMBER_OBJECT_CONVERSION = YES_AGGRESSIVE;
				CLANG_CXX_LANGUAGE_STANDARD = "gnu++14";
				CLANG_CXX_LIBRARY = "libc++";
				CLANG_ENABLE_MODULES = YES;
				CLANG_ENABLE_OBJC_ARC = YES;
				CLANG_ENABLE_OBJC_WEAK = YES;
				CLANG_WARN_BLOCK_CAPTURE_AUTORELEASING = YES;
				CLANG_WARN_BOOL_CONVERSION = YES;
				CLANG_WARN_COMMA = YES;
				CLANG_WARN_CONSTANT_CONVERSION = YES;
				CLANG_WARN_DEPRECATED_OBJC_IMPLEMENTATIONS = YES;
				CLANG_WARN_DIRECT_OBJC_ISA_USAGE = YES_ERROR;
				CLANG_WARN_DOCUMENTATION_COMMENTS = YES;
				CLANG_WARN_EMPTY_BODY = YES;
				CLANG_WARN_ENUM_CONVERSION = YES;
				CLANG_WARN_INFINITE_RECURSION = YES;
				CLANG_WARN_INT_CONVERSION = YES;
				CLANG_WARN_NON_LITERAL_NULL_CONVERSION = YES;
				CLANG_WARN_OBJC_IMPLICIT_RETAIN_SELF = YES;
				CLANG_WARN_OBJC_LITERAL_CONVERSION = YES;
				CLANG_WARN_OBJC_ROOT_CLASS = YES_ERROR;
				CLANG_WARN_RANGE_LOOP_ANALYSIS = YES;
				CLANG_WARN_STRICT_PROTOTYPES = YES;
				CLANG_WARN_SUSPICIOUS_MOVE = YES;
				CLANG_WARN_UNGUARDED_AVAILABILITY = YES_AGGRESSIVE;
				CLANG_WARN_UNREACHABLE_CODE = YES;
				CLANG_WARN__DUPLICATE_METHOD_MATCH = YES;
				CODE_SIGN_IDENTITY = "iPhone Developer";
				COPY_PHASE_STRIP = NO;
				DEBUG_INFORMATION_FORMAT = dwarf;
				ENABLE_STRICT_OBJC_MSGSEND = YES;
				ENABLE_TESTABILITY = YES;
				GCC_C_LANGUAGE_STANDARD = gnu11;
				GCC_DYNAMIC_NO_PIC = NO;
				GCC_NO_COMMON_BLOCKS = YES;
				GCC_OPTIMIZATION_LEVEL = 0;
				GCC_PREPROCESSOR_DEFINITIONS = (
					"DEBUG=1",
					"$(inherited)",
				);
				GCC_WARN_64_TO_32_BIT_CONVERSION = YES;
				GCC_WARN_ABOUT_RETURN_TYPE = YES_ERROR;
				GCC_WARN_UNDECLARED_SELECTOR = YES;
				GCC_WARN_UNINITIALIZED_AUTOS = YES_AGGRESSIVE;
				GCC_WARN_UNUSED_FUNCTION = YES;
				GCC_WARN_UNUSED_VARIABLE = YES;
				IPHONEOS_DEPLOYMENT_TARGET = 12.2;
				MTL_ENABLE_DEBUG_INFO = INCLUDE_SOURCE;
				MTL_FAST_MATH = YES;
				ONLY_ACTIVE_ARCH = YES;
				SDKROOT = iphoneos;
				SWIFT_ACTIVE_COMPILATION_CONDITIONS = DEBUG;
				SWIFT_OPTIMIZATION_LEVEL = "-Onone";
			};
			name = Debug;
		};
		FC07E72A22FDA65A001FF593 /* Release */ = {
			isa = XCBuildConfiguration;
			buildSettings = {
				ALWAYS_SEARCH_USER_PATHS = NO;
				CLANG_ANALYZER_NONNULL = YES;
				CLANG_ANALYZER_NUMBER_OBJECT_CONVERSION = YES_AGGRESSIVE;
				CLANG_CXX_LANGUAGE_STANDARD = "gnu++14";
				CLANG_CXX_LIBRARY = "libc++";
				CLANG_ENABLE_MODULES = YES;
				CLANG_ENABLE_OBJC_ARC = YES;
				CLANG_ENABLE_OBJC_WEAK = YES;
				CLANG_WARN_BLOCK_CAPTURE_AUTORELEASING = YES;
				CLANG_WARN_BOOL_CONVERSION = YES;
				CLANG_WARN_COMMA = YES;
				CLANG_WARN_CONSTANT_CONVERSION = YES;
				CLANG_WARN_DEPRECATED_OBJC_IMPLEMENTATIONS = YES;
				CLANG_WARN_DIRECT_OBJC_ISA_USAGE = YES_ERROR;
				CLANG_WARN_DOCUMENTATION_COMMENTS = YES;
				CLANG_WARN_EMPTY_BODY = YES;
				CLANG_WARN_ENUM_CONVERSION = YES;
				CLANG_WARN_INFINITE_RECURSION = YES;
				CLANG_WARN_INT_CONVERSION = YES;
				CLANG_WARN_NON_LITERAL_NULL_CONVERSION = YES;
				CLANG_WARN_OBJC_IMPLICIT_RETAIN_SELF = YES;
				CLANG_WARN_OBJC_LITERAL_CONVERSION = YES;
				CLANG_WARN_OBJC_ROOT_CLASS = YES_ERROR;
				CLANG_WARN_RANGE_LOOP_ANALYSIS = YES;
				CLANG_WARN_STRICT_PROTOTYPES = YES;
				CLANG_WARN_SUSPICIOUS_MOVE = YES;
				CLANG_WARN_UNGUARDED_AVAILABILITY = YES_AGGRESSIVE;
				CLANG_WARN_UNREACHABLE_CODE = YES;
				CLANG_WARN__DUPLICATE_METHOD_MATCH = YES;
				CODE_SIGN_IDENTITY = "iPhone Developer";
				COPY_PHASE_STRIP = NO;
				DEBUG_INFORMATION_FORMAT = "dwarf-with-dsym";
				ENABLE_NS_ASSERTIONS = NO;
				ENABLE_STRICT_OBJC_MSGSEND = YES;
				GCC_C_LANGUAGE_STANDARD = gnu11;
				GCC_NO_COMMON_BLOCKS = YES;
				GCC_WARN_64_TO_32_BIT_CONVERSION = YES;
				GCC_WARN_ABOUT_RETURN_TYPE = YES_ERROR;
				GCC_WARN_UNDECLARED_SELECTOR = YES;
				GCC_WARN_UNINITIALIZED_AUTOS = YES_AGGRESSIVE;
				GCC_WARN_UNUSED_FUNCTION = YES;
				GCC_WARN_UNUSED_VARIABLE = YES;
				IPHONEOS_DEPLOYMENT_TARGET = 12.2;
				MTL_ENABLE_DEBUG_INFO = NO;
				MTL_FAST_MATH = YES;
				SDKROOT = iphoneos;
				SWIFT_COMPILATION_MODE = wholemodule;
				SWIFT_OPTIMIZATION_LEVEL = "-O";
				VALIDATE_PRODUCT = YES;
			};
			name = Release;
		};
		FC07E72C22FDA65A001FF593 /* Debug */ = {
			isa = XCBuildConfiguration;
			buildSettings = {
				ASSETCATALOG_COMPILER_APPICON_NAME = AppIcon;
				CODE_SIGN_STYLE = Automatic;
				DEVELOPMENT_TEAM = 435C3T7HX4;
				INFOPLIST_FILE = Hostelworld_Test/Info.plist;
				LD_RUNPATH_SEARCH_PATHS = (
					"$(inherited)",
					"@executable_path/Frameworks",
				);
				PRODUCT_BUNDLE_IDENTIFIER = "com.mohsen.Hostelworld-Test";
				PRODUCT_NAME = "$(TARGET_NAME)";
				SWIFT_VERSION = 5.0;
				TARGETED_DEVICE_FAMILY = "1,2";
			};
			name = Debug;
		};
		FC07E72D22FDA65A001FF593 /* Release */ = {
			isa = XCBuildConfiguration;
			buildSettings = {
				ASSETCATALOG_COMPILER_APPICON_NAME = AppIcon;
				CODE_SIGN_STYLE = Automatic;
				DEVELOPMENT_TEAM = 435C3T7HX4;
				INFOPLIST_FILE = Hostelworld_Test/Info.plist;
				LD_RUNPATH_SEARCH_PATHS = (
					"$(inherited)",
					"@executable_path/Frameworks",
				);
				PRODUCT_BUNDLE_IDENTIFIER = "com.mohsen.Hostelworld-Test";
				PRODUCT_NAME = "$(TARGET_NAME)";
				SWIFT_VERSION = 5.0;
				TARGETED_DEVICE_FAMILY = "1,2";
			};
			name = Release;
		};
		FC07E72F22FDA65A001FF593 /* Debug */ = {
			isa = XCBuildConfiguration;
			buildSettings = {
				ALWAYS_EMBED_SWIFT_STANDARD_LIBRARIES = YES;
				BUNDLE_LOADER = "$(TEST_HOST)";
				CODE_SIGN_STYLE = Automatic;
				INFOPLIST_FILE = Hostelworld_TestTests/Info.plist;
				LD_RUNPATH_SEARCH_PATHS = (
					"$(inherited)",
					"@executable_path/Frameworks",
					"@loader_path/Frameworks",
				);
				PRODUCT_BUNDLE_IDENTIFIER = "com.mohsen.Hostelworld-TestTests";
				PRODUCT_NAME = "$(TARGET_NAME)";
				SWIFT_VERSION = 5.0;
				TARGETED_DEVICE_FAMILY = "1,2";
				TEST_HOST = "$(BUILT_PRODUCTS_DIR)/Hostelworld_Test.app/Hostelworld_Test";
			};
			name = Debug;
		};
		FC07E73022FDA65A001FF593 /* Release */ = {
			isa = XCBuildConfiguration;
			buildSettings = {
				ALWAYS_EMBED_SWIFT_STANDARD_LIBRARIES = YES;
				BUNDLE_LOADER = "$(TEST_HOST)";
				CODE_SIGN_STYLE = Automatic;
				INFOPLIST_FILE = Hostelworld_TestTests/Info.plist;
				LD_RUNPATH_SEARCH_PATHS = (
					"$(inherited)",
					"@executable_path/Frameworks",
					"@loader_path/Frameworks",
				);
				PRODUCT_BUNDLE_IDENTIFIER = "com.mohsen.Hostelworld-TestTests";
				PRODUCT_NAME = "$(TARGET_NAME)";
				SWIFT_VERSION = 5.0;
				TARGETED_DEVICE_FAMILY = "1,2";
				TEST_HOST = "$(BUILT_PRODUCTS_DIR)/Hostelworld_Test.app/Hostelworld_Test";
			};
			name = Release;
		};
		FC07E73222FDA65A001FF593 /* Debug */ = {
			isa = XCBuildConfiguration;
			buildSettings = {
				ALWAYS_EMBED_SWIFT_STANDARD_LIBRARIES = YES;
				CODE_SIGN_STYLE = Automatic;
				INFOPLIST_FILE = Hostelworld_TestUITests/Info.plist;
				LD_RUNPATH_SEARCH_PATHS = (
					"$(inherited)",
					"@executable_path/Frameworks",
					"@loader_path/Frameworks",
				);
				PRODUCT_BUNDLE_IDENTIFIER = "com.mohsen.Hostelworld-TestUITests";
				PRODUCT_NAME = "$(TARGET_NAME)";
				SWIFT_VERSION = 5.0;
				TARGETED_DEVICE_FAMILY = "1,2";
				TEST_TARGET_NAME = Hostelworld_Test;
			};
			name = Debug;
		};
		FC07E73322FDA65A001FF593 /* Release */ = {
			isa = XCBuildConfiguration;
			buildSettings = {
				ALWAYS_EMBED_SWIFT_STANDARD_LIBRARIES = YES;
				CODE_SIGN_STYLE = Automatic;
				INFOPLIST_FILE = Hostelworld_TestUITests/Info.plist;
				LD_RUNPATH_SEARCH_PATHS = (
					"$(inherited)",
					"@executable_path/Frameworks",
					"@loader_path/Frameworks",
				);
				PRODUCT_BUNDLE_IDENTIFIER = "com.mohsen.Hostelworld-TestUITests";
				PRODUCT_NAME = "$(TARGET_NAME)";
				SWIFT_VERSION = 5.0;
				TARGETED_DEVICE_FAMILY = "1,2";
				TEST_TARGET_NAME = Hostelworld_Test;
			};
			name = Release;
		};
/* End XCBuildConfiguration section */

/* Begin XCConfigurationList section */
		FC07E6FE22FDA654001FF593 /* Build configuration list for PBXProject "Hostelworld_Test" */ = {
			isa = XCConfigurationList;
			buildConfigurations = (
				FC07E72922FDA65A001FF593 /* Debug */,
				FC07E72A22FDA65A001FF593 /* Release */,
			);
			defaultConfigurationIsVisible = 0;
			defaultConfigurationName = Release;
		};
		FC07E72B22FDA65A001FF593 /* Build configuration list for PBXNativeTarget "Hostelworld_Test" */ = {
			isa = XCConfigurationList;
			buildConfigurations = (
				FC07E72C22FDA65A001FF593 /* Debug */,
				FC07E72D22FDA65A001FF593 /* Release */,
			);
			defaultConfigurationIsVisible = 0;
			defaultConfigurationName = Release;
		};
		FC07E72E22FDA65A001FF593 /* Build configuration list for PBXNativeTarget "Hostelworld_TestTests" */ = {
			isa = XCConfigurationList;
			buildConfigurations = (
				FC07E72F22FDA65A001FF593 /* Debug */,
				FC07E73022FDA65A001FF593 /* Release */,
			);
			defaultConfigurationIsVisible = 0;
			defaultConfigurationName = Release;
		};
		FC07E73122FDA65A001FF593 /* Build configuration list for PBXNativeTarget "Hostelworld_TestUITests" */ = {
			isa = XCConfigurationList;
			buildConfigurations = (
				FC07E73222FDA65A001FF593 /* Debug */,
				FC07E73322FDA65A001FF593 /* Release */,
			);
			defaultConfigurationIsVisible = 0;
			defaultConfigurationName = Release;
		};
/* End XCConfigurationList section */
	};
	rootObject = FC07E6FB22FDA654001FF593 /* Project object */;
}
